// !$*UTF8*$!
{
	archiveVersion = 1;
	classes = {
	};
	objectVersion = 56;
	objects = {

/* Begin PBXBuildFile section */
		5EAEE3E92BEE8E4E00487897 /* PantryInventoryUsingSwiftDataModelCreationApp.swift in Sources */ = {isa = PBXBuildFile; fileRef = 5EAEE3E82BEE8E4E00487897 /* PantryInventoryUsingSwiftDataModelCreationApp.swift */; };
		5EAEE3EB2BEE8E4E00487897 /* ContentView.swift in Sources */ = {isa = PBXBuildFile; fileRef = 5EAEE3EA2BEE8E4E00487897 /* ContentView.swift */; };
		5EAEE3ED2BEE8E4F00487897 /* Assets.xcassets in Resources */ = {isa = PBXBuildFile; fileRef = 5EAEE3EC2BEE8E4F00487897 /* Assets.xcassets */; };
		5EAEE3F02BEE8E4F00487897 /* Preview Assets.xcassets in Resources */ = {isa = PBXBuildFile; fileRef = 5EAEE3EF2BEE8E4F00487897 /* Preview Assets.xcassets */; };
		5EAEE3F72BEE8F0100487897 /* PantryItem.swift in Sources */ = {isa = PBXBuildFile; fileRef = 5EAEE3F62BEE8F0100487897 /* PantryItem.swift */; };
		5EAEE3F92BEE980800487897 /* AddUpdatePantryItem.swift in Sources */ = {isa = PBXBuildFile; fileRef = 5EAEE3F82BEE980800487897 /* AddUpdatePantryItem.swift */; };
		5EAEE3FB2BEF99D700487897 /* PantryListView.swift in Sources */ = {isa = PBXBuildFile; fileRef = 5EAEE3FA2BEF99D700487897 /* PantryListView.swift */; };
/* End PBXBuildFile section */

/* Begin PBXFileReference section */
		5EAEE3E52BEE8E4E00487897 /* PantryInventoryUsingSwiftDataModelCreation.app */ = {isa = PBXFileReference; explicitFileType = wrapper.application; includeInIndex = 0; path = PantryInventoryUsingSwiftDataModelCreation.app; sourceTree = BUILT_PRODUCTS_DIR; };
		5EAEE3E82BEE8E4E00487897 /* PantryInventoryUsingSwiftDataModelCreationApp.swift */ = {isa = PBXFileReference; lastKnownFileType = sourcecode.swift; path = PantryInventoryUsingSwiftDataModelCreationApp.swift; sourceTree = "<group>"; };
		5EAEE3EA2BEE8E4E00487897 /* ContentView.swift */ = {isa = PBXFileReference; lastKnownFileType = sourcecode.swift; path = ContentView.swift; sourceTree = "<group>"; };
		5EAEE3EC2BEE8E4F00487897 /* Assets.xcassets */ = {isa = PBXFileReference; lastKnownFileType = folder.assetcatalog; path = Assets.xcassets; sourceTree = "<group>"; };
		5EAEE3EF2BEE8E4F00487897 /* Preview Assets.xcassets */ = {isa = PBXFileReference; lastKnownFileType = folder.assetcatalog; path = "Preview Assets.xcassets"; sourceTree = "<group>"; };
		5EAEE3F62BEE8F0100487897 /* PantryItem.swift */ = {isa = PBXFileReference; lastKnownFileType = sourcecode.swift; path = PantryItem.swift; sourceTree = "<group>"; };
		5EAEE3F82BEE980800487897 /* AddUpdatePantryItem.swift */ = {isa = PBXFileReference; lastKnownFileType = sourcecode.swift; path = AddUpdatePantryItem.swift; sourceTree = "<group>"; };
		5EAEE3FA2BEF99D700487897 /* PantryListView.swift */ = {isa = PBXFileReference; lastKnownFileType = sourcecode.swift; path = PantryListView.swift; sourceTree = "<group>"; };
/* End PBXFileReference section */

/* Begin PBXFrameworksBuildPhase section */
		5EAEE3E22BEE8E4E00487897 /* Frameworks */ = {
			isa = PBXFrameworksBuildPhase;
			buildActionMask = 2147483647;
			files = (
			);
			runOnlyForDeploymentPostprocessing = 0;
		};
/* End PBXFrameworksBuildPhase section */

/* Begin PBXGroup section */
		5EAEE3DC2BEE8E4E00487897 = {
			isa = PBXGroup;
			children = (
				5EAEE3E72BEE8E4E00487897 /* PantryInventoryUsingSwiftDataModelCreation */,
				5EAEE3E62BEE8E4E00487897 /* Products */,
			);
			sourceTree = "<group>";
		};
		5EAEE3E62BEE8E4E00487897 /* Products */ = {
			isa = PBXGroup;
			children = (
				5EAEE3E52BEE8E4E00487897 /* PantryInventoryUsingSwiftDataModelCreation.app */,
			);
			name = Products;
			sourceTree = "<group>";
		};
		5EAEE3E72BEE8E4E00487897 /* PantryInventoryUsingSwiftDataModelCreation */ = {
			isa = PBXGroup;
			children = (
				5EAEE3E82BEE8E4E00487897 /* PantryInventoryUsingSwiftDataModelCreationApp.swift */,
				5EAEE3F82BEE980800487897 /* AddUpdatePantryItem.swift */,
				5EAEE3EA2BEE8E4E00487897 /* ContentView.swift */,
				5EAEE3FA2BEF99D700487897 /* PantryListView.swift */,
				5EAEE3F62BEE8F0100487897 /* PantryItem.swift */,
				5EAEE3EC2BEE8E4F00487897 /* Assets.xcassets */,
				5EAEE3EE2BEE8E4F00487897 /* Preview Content */,
			);
			path = PantryInventoryUsingSwiftDataModelCreation;
			sourceTree = "<group>";
		};
		5EAEE3EE2BEE8E4F00487897 /* Preview Content */ = {
			isa = PBXGroup;
			children = (
				5EAEE3EF2BEE8E4F00487897 /* Preview Assets.xcassets */,
			);
			path = "Preview Content";
			sourceTree = "<group>";
		};
/* End PBXGroup section */

/* Begin PBXNativeTarget section */
		5EAEE3E42BEE8E4E00487897 /* PantryInventoryUsingSwiftDataModelCreation */ = {
			isa = PBXNativeTarget;
			buildConfigurationList = 5EAEE3F32BEE8E4F00487897 /* Build configuration list for PBXNativeTarget "PantryInventoryUsingSwiftDataModelCreation" */;
			buildPhases = (
				5EAEE3E12BEE8E4E00487897 /* Sources */,
				5EAEE3E22BEE8E4E00487897 /* Frameworks */,
				5EAEE3E32BEE8E4E00487897 /* Resources */,
			);
			buildRules = (
			);
			dependencies = (
			);
			name = PantryInventoryUsingSwiftDataModelCreation;
			productName = PantryInventoryUsingSwiftDataModelCreation;
			productReference = 5EAEE3E52BEE8E4E00487897 /* PantryInventoryUsingSwiftDataModelCreation.app */;
			productType = "com.apple.product-type.application";
		};
/* End PBXNativeTarget section */

/* Begin PBXProject section */
		5EAEE3DD2BEE8E4E00487897 /* Project object */ = {
			isa = PBXProject;
			attributes = {
				BuildIndependentTargetsInParallel = 1;
				LastSwiftUpdateCheck = 1530;
				LastUpgradeCheck = 1530;
				TargetAttributes = {
					5EAEE3E42BEE8E4E00487897 = {
						CreatedOnToolsVersion = 15.3;
					};
				};
			};
			buildConfigurationList = 5EAEE3E02BEE8E4E00487897 /* Build configuration list for PBXProject "PantryInventoryUsingSwiftDataModelCreation" */;
			compatibilityVersion = "Xcode 14.0";
			developmentRegion = en;
			hasScannedForEncodings = 0;
			knownRegions = (
				en,
				Base,
			);
			mainGroup = 5EAEE3DC2BEE8E4E00487897;
			productRefGroup = 5EAEE3E62BEE8E4E00487897 /* Products */;
			projectDirPath = "";
			projectRoot = "";
			targets = (
				5EAEE3E42BEE8E4E00487897 /* PantryInventoryUsingSwiftDataModelCreation */,
			);
		};
/* End PBXProject section */

/* Begin PBXResourcesBuildPhase section */
		5EAEE3E32BEE8E4E00487897 /* Resources */ = {
			isa = PBXResourcesBuildPhase;
			buildActionMask = 2147483647;
			files = (
				5EAEE3F02BEE8E4F00487897 /* Preview Assets.xcassets in Resources */,
				5EAEE3ED2BEE8E4F00487897 /* Assets.xcassets in Resources */,
			);
			runOnlyForDeploymentPostprocessing = 0;
		};
/* End PBXResourcesBuildPhase section */

/* Begin PBXSourcesBuildPhase section */
		5EAEE3E12BEE8E4E00487897 /* Sources */ = {
			isa = PBXSourcesBuildPhase;
			buildActionMask = 2147483647;
			files = (
				5EAEE3EB2BEE8E4E00487897 /* ContentView.swift in Sources */,
				5EAEE3F92BEE980800487897 /* AddUpdatePantryItem.swift in Sources */,
				5EAEE3FB2BEF99D700487897 /* PantryListView.swift in Sources */,
				5EAEE3E92BEE8E4E00487897 /* PantryInventoryUsingSwiftDataModelCreationApp.swift in Sources */,
				5EAEE3F72BEE8F0100487897 /* PantryItem.swift in Sources */,
			);
			runOnlyForDeploymentPostprocessing = 0;
		};
/* End PBXSourcesBuildPhase section */

/* Begin XCBuildConfiguration section */
		5EAEE3F12BEE8E4F00487897 /* Debug */ = {
			isa = XCBuildConfiguration;
			buildSettings = {
				ALWAYS_SEARCH_USER_PATHS = NO;
				ASSETCATALOG_COMPILER_GENERATE_SWIFT_ASSET_SYMBOL_EXTENSIONS = YES;
				CLANG_ANALYZER_NONNULL = YES;
				CLANG_ANALYZER_NUMBER_OBJECT_CONVERSION = YES_AGGRESSIVE;
				CLANG_CXX_LANGUAGE_STANDARD = "gnu++20";
				CLANG_ENABLE_MODULES = YES;
				CLANG_ENABLE_OBJC_ARC = YES;
				CLANG_ENABLE_OBJC_WEAK = YES;
				CLANG_WARN_BLOCK_CAPTURE_AUTORELEASING = YES;
				CLANG_WARN_BOOL_CONVERSION = YES;
				CLANG_WARN_COMMA = YES;
				CLANG_WARN_CONSTANT_CONVERSION = YES;
				CLANG_WARN_DEPRECATED_OBJC_IMPLEMENTATIONS = YES;
				CLANG_WARN_DIRECT_OBJC_ISA_USAGE = YES_ERROR;
				CLANG_WARN_DOCUMENTATION_COMMENTS = YES;
				CLANG_WARN_EMPTY_BODY = YES;
				CLANG_WARN_ENUM_CONVERSION = YES;
				CLANG_WARN_INFINITE_RECURSION = YES;
				CLANG_WARN_INT_CONVERSION = YES;
				CLANG_WARN_NON_LITERAL_NULL_CONVERSION = YES;
				CLANG_WARN_OBJC_IMPLICIT_RETAIN_SELF = YES;
				CLANG_WARN_OBJC_LITERAL_CONVERSION = YES;
				CLANG_WARN_OBJC_ROOT_CLASS = YES_ERROR;
				CLANG_WARN_QUOTED_INCLUDE_IN_FRAMEWORK_HEADER = YES;
				CLANG_WARN_RANGE_LOOP_ANALYSIS = YES;
				CLANG_WARN_STRICT_PROTOTYPES = YES;
				CLANG_WARN_SUSPICIOUS_MOVE = YES;
				CLANG_WARN_UNGUARDED_AVAILABILITY = YES_AGGRESSIVE;
				CLANG_WARN_UNREACHABLE_CODE = YES;
				CLANG_WARN__DUPLICATE_METHOD_MATCH = YES;
				COPY_PHASE_STRIP = NO;
				DEBUG_INFORMATION_FORMAT = dwarf;
				ENABLE_STRICT_OBJC_MSGSEND = YES;
				ENABLE_TESTABILITY = YES;
				ENABLE_USER_SCRIPT_SANDBOXING = YES;
				GCC_C_LANGUAGE_STANDARD = gnu17;
				GCC_DYNAMIC_NO_PIC = NO;
				GCC_NO_COMMON_BLOCKS = YES;
				GCC_OPTIMIZATION_LEVEL = 0;
				GCC_PREPROCESSOR_DEFINITIONS = (
					"DEBUG=1",
					"$(inherited)",
				);
				GCC_WARN_64_TO_32_BIT_CONVERSION = YES;
				GCC_WARN_ABOUT_RETURN_TYPE = YES_ERROR;
				GCC_WARN_UNDECLARED_SELECTOR = YES;
				GCC_WARN_UNINITIALIZED_AUTOS = YES_AGGRESSIVE;
				GCC_WARN_UNUSED_FUNCTION = YES;
				GCC_WARN_UNUSED_VARIABLE = YES;
				IPHONEOS_DEPLOYMENT_TARGET = 17.4;
				LOCALIZATION_PREFERS_STRING_CATALOGS = YES;
				MTL_ENABLE_DEBUG_INFO = INCLUDE_SOURCE;
				MTL_FAST_MATH = YES;
				ONLY_ACTIVE_ARCH = YES;
				SDKROOT = iphoneos;
				SWIFT_ACTIVE_COMPILATION_CONDITIONS = "DEBUG $(inherited)";
				SWIFT_OPTIMIZATION_LEVEL = "-Onone";
			};
			name = Debug;
		};
		5EAEE3F22BEE8E4F00487897 /* Release */ = {
			isa = XCBuildConfiguration;
			buildSettings = {
				ALWAYS_SEARCH_USER_PATHS = NO;
				ASSETCATALOG_COMPILER_GENERATE_SWIFT_ASSET_SYMBOL_EXTENSIONS = YES;
				CLANG_ANALYZER_NONNULL = YES;
				CLANG_ANALYZER_NUMBER_OBJECT_CONVERSION = YES_AGGRESSIVE;
				CLANG_CXX_LANGUAGE_STANDARD = "gnu++20";
				CLANG_ENABLE_MODULES = YES;
				CLANG_ENABLE_OBJC_ARC = YES;
				CLANG_ENABLE_OBJC_WEAK = YES;
				CLANG_WARN_BLOCK_CAPTURE_AUTORELEASING = YES;
				CLANG_WARN_BOOL_CONVERSION = YES;
				CLANG_WARN_COMMA = YES;
				CLANG_WARN_CONSTANT_CONVERSION = YES;
				CLANG_WARN_DEPRECATED_OBJC_IMPLEMENTATIONS = YES;
				CLANG_WARN_DIRECT_OBJC_ISA_USAGE = YES_ERROR;
				CLANG_WARN_DOCUMENTATION_COMMENTS = YES;
				CLANG_WARN_EMPTY_BODY = YES;
				CLANG_WARN_ENUM_CONVERSION = YES;
				CLANG_WARN_INFINITE_RECURSION = YES;
				CLANG_WARN_INT_CONVERSION = YES;
				CLANG_WARN_NON_LITERAL_NULL_CONVERSION = YES;
				CLANG_WARN_OBJC_IMPLICIT_RETAIN_SELF = YES;
				CLANG_WARN_OBJC_LITERAL_CONVERSION = YES;
				CLANG_WARN_OBJC_ROOT_CLASS = YES_ERROR;
				CLANG_WARN_QUOTED_INCLUDE_IN_FRAMEWORK_HEADER = YES;
				CLANG_WARN_RANGE_LOOP_ANALYSIS = YES;
				CLANG_WARN_STRICT_PROTOTYPES = YES;
				CLANG_WARN_SUSPICIOUS_MOVE = YES;
				CLANG_WARN_UNGUARDED_AVAILABILITY = YES_AGGRESSIVE;
				CLANG_WARN_UNREACHABLE_CODE = YES;
				CLANG_WARN__DUPLICATE_METHOD_MATCH = YES;
				COPY_PHASE_STRIP = NO;
				DEBUG_INFORMATION_FORMAT = "dwarf-with-dsym";
				ENABLE_NS_ASSERTIONS = NO;
				ENABLE_STRICT_OBJC_MSGSEND = YES;
				ENABLE_USER_SCRIPT_SANDBOXING = YES;
				GCC_C_LANGUAGE_STANDARD = gnu17;
				GCC_NO_COMMON_BLOCKS = YES;
				GCC_WARN_64_TO_32_BIT_CONVERSION = YES;
				GCC_WARN_ABOUT_RETURN_TYPE = YES_ERROR;
				GCC_WARN_UNDECLARED_SELECTOR = YES;
				GCC_WARN_UNINITIALIZED_AUTOS = YES_AGGRESSIVE;
				GCC_WARN_UNUSED_FUNCTION = YES;
				GCC_WARN_UNUSED_VARIABLE = YES;
				IPHONEOS_DEPLOYMENT_TARGET = 17.4;
				LOCALIZATION_PREFERS_STRING_CATALOGS = YES;
				MTL_ENABLE_DEBUG_INFO = NO;
				MTL_FAST_MATH = YES;
				SDKROOT = iphoneos;
				SWIFT_COMPILATION_MODE = wholemodule;
				VALIDATE_PRODUCT = YES;
			};
			name = Release;
		};
		5EAEE3F42BEE8E4F00487897 /* Debug */ = {
			isa = XCBuildConfiguration;
			buildSettings = {
				ASSETCATALOG_COMPILER_APPICON_NAME = AppIcon;
				ASSETCATALOG_COMPILER_GLOBAL_ACCENT_COLOR_NAME = AccentColor;
				CODE_SIGN_STYLE = Automatic;
				CURRENT_PROJECT_VERSION = 1;
				DEVELOPMENT_ASSET_PATHS = "\"PantryInventoryUsingSwiftDataModelCreation/Preview Content\"";
				DEVELOPMENT_TEAM = L8W86DZDY2;
				ENABLE_PREVIEWS = YES;
				GENERATE_INFOPLIST_FILE = YES;
				INFOPLIST_KEY_UIApplicationSceneManifest_Generation = YES;
				INFOPLIST_KEY_UIApplicationSupportsIndirectInputEvents = YES;
				INFOPLIST_KEY_UILaunchScreen_Generation = YES;
				INFOPLIST_KEY_UISupportedInterfaceOrientations_iPad = "UIInterfaceOrientationPortrait UIInterfaceOrientationPortraitUpsideDown UIInterfaceOrientationLandscapeLeft UIInterfaceOrientationLandscapeRight";
				INFOPLIST_KEY_UISupportedInterfaceOrientations_iPhone = "UIInterfaceOrientationPortrait UIInterfaceOrientationLandscapeLeft UIInterfaceOrientationLandscapeRight";
				LD_RUNPATH_SEARCH_PATHS = (
					"$(inherited)",
					"@executable_path/Frameworks",
				);
				MARKETING_VERSION = 1.0;
				PRODUCT_BUNDLE_IDENTIFIER = com.ri.PantryInventoryUsingSwiftDataModelCreation;
				PRODUCT_NAME = "$(TARGET_NAME)";
				SWIFT_EMIT_LOC_STRINGS = YES;
				SWIFT_VERSION = 5.0;
				TARGETED_DEVICE_FAMILY = "1,2";
			};
			name = Debug;
		};
		5EAEE3F52BEE8E4F00487897 /* Release */ = {
			isa = XCBuildConfiguration;
			buildSettings = {
				ASSETCATALOG_COMPILER_APPICON_NAME = AppIcon;
				ASSETCATALOG_COMPILER_GLOBAL_ACCENT_COLOR_NAME = AccentColor;
				CODE_SIGN_STYLE = Automatic;
				CURRENT_PROJECT_VERSION = 1;
				DEVELOPMENT_ASSET_PATHS = "\"PantryInventoryUsingSwiftDataModelCreation/Preview Content\"";
				DEVELOPMENT_TEAM = L8W86DZDY2;
				ENABLE_PREVIEWS = YES;
				GENERATE_INFOPLIST_FILE = YES;
				INFOPLIST_KEY_UIApplicationSceneManifest_Generation = YES;
				INFOPLIST_KEY_UIApplicationSupportsIndirectInputEvents = YES;
				INFOPLIST_KEY_UILaunchScreen_Generation = YES;
				INFOPLIST_KEY_UISupportedInterfaceOrientations_iPad = "UIInterfaceOrientationPortrait UIInterfaceOrientationPortraitUpsideDown UIInterfaceOrientationLandscapeLeft UIInterfaceOrientationLandscapeRight";
				INFOPLIST_KEY_UISupportedInterfaceOrientations_iPhone = "UIInterfaceOrientationPortrait UIInterfaceOrientationLandscapeLeft UIInterfaceOrientationLandscapeRight";
				LD_RUNPATH_SEARCH_PATHS = (
					"$(inherited)",
					"@executable_path/Frameworks",
				);
				MARKETING_VERSION = 1.0;
				PRODUCT_BUNDLE_IDENTIFIER = com.ri.PantryInventoryUsingSwiftDataModelCreation;
				PRODUCT_NAME = "$(TARGET_NAME)";
				SWIFT_EMIT_LOC_STRINGS = YES;
				SWIFT_VERSION = 5.0;
				TARGETED_DEVICE_FAMILY = "1,2";
			};
			name = Release;
		};
/* End XCBuildConfiguration section */

/* Begin XCConfigurationList section */
		5EAEE3E02BEE8E4E00487897 /* Build configuration list for PBXProject "PantryInventoryUsingSwiftDataModelCreation" */ = {
			isa = XCConfigurationList;
			buildConfigurations = (
				5EAEE3F12BEE8E4F00487897 /* Debug */,
				5EAEE3F22BEE8E4F00487897 /* Release */,
			);
			defaultConfigurationIsVisible = 0;
			defaultConfigurationName = Release;
		};
		5EAEE3F32BEE8E4F00487897 /* Build configuration list for PBXNativeTarget "PantryInventoryUsingSwiftDataModelCreation" */ = {
			isa = XCConfigurationList;
			buildConfigurations = (
				5EAEE3F42BEE8E4F00487897 /* Debug */,
				5EAEE3F52BEE8E4F00487897 /* Release */,
			);
			defaultConfigurationIsVisible = 0;
			defaultConfigurationName = Release;
		};
/* End XCConfigurationList section */
	};
	rootObject = 5EAEE3DD2BEE8E4E00487897 /* Project object */;
}
